
Microsoft Visual Studio Solution File, Format Version 12.00
# Visual Studio Version 17
VisualStudioVersion = 17.7.34024.191
MinimumVisualStudioVersion = 10.0.40219.1
Project("{FAE04EC0-301F-11D3-BF4B-00C04F79EFBC}") = "KhumaloCraft", "KhumaloCraft\KhumaloCraft.csproj", "{92985BA1-1214-49D2-A422-0F598B65CEC7}"
EndProject
Global
	GlobalSection(SolutionConfigurationPlatforms) = preSolution
		Debug|Any CPU = Debug|Any CPU
		Release|Any CPU = Release|Any CPU
	EndGlobalSection
	GlobalSection(ProjectConfigurationPlatforms) = postSolution
		{92985BA1-1214-49D2-A422-0F598B65CEC7}.Debug|Any CPU.ActiveCfg = Debug|Any CPU
		{92985BA1-1214-49D2-A422-0F598B65CEC7}.Debug|Any CPU.Build.0 = Debug|Any CPU
		{92985BA1-1214-49D2-A422-0F598B65CEC7}.Release|Any CPU.ActiveCfg = Release|Any CPU
		{92985BA1-1214-49D2-A422-0F598B65CEC7}.Release|Any CPU.Build.0 = Release|Any CPU
	EndGlobalSection
	GlobalSection(SolutionProperties) = preSolution
		HideSolutionNode = FALSE
	EndGlobalSection
	GlobalSection(ExtensibilityGlobals) = postSolution
		SolutionGuid = {CB989826-9F4D-42F4-981A-37ED2BA6F1BA}
	EndGlobalSection
EndGlobal
